
Microsoft Visual Studio Solution File, Format Version 12.00
# Visual Studio 15
VisualStudioVersion = 15.0.26228.4
MinimumVisualStudioVersion = 10.0.40219.1
Project("{2150E333-8FDC-42A3-9474-1A3956D46DE8}") = "Solution", "Solution", "{19B3443A-F422-4EAD-8964-B4E20D9A823F}"
EndProject
Project("{2150E333-8FDC-42A3-9474-1A3956D46DE8}") = "Test", "Test", "{D817EDF8-4ABD-4C57-BFD8-CF3DF8C56C68}"
EndProject
Project("{FAE04EC0-301F-11D3-BF4B-00C04F79EFBC}") = "UnitTestProject1", "UnitTestProject1\UnitTestProject1.csproj", "{05491CF9-C056-44B3-BF54-488CD3D8C789}"
EndProject
Project("{FAE04EC0-301F-11D3-BF4B-00C04F79EFBC}") = "ClassLibrary1", "ClassLibrary1\ClassLibrary1.csproj", "{8A90C31C-EAE7-4E25-9895-C9EFEE51F57C}"
EndProject
Global
	GlobalSection(SolutionConfigurationPlatforms) = preSolution
		Debug|Any CPU = Debug|Any CPU
		Release|Any CPU = Release|Any CPU
	EndGlobalSection
	GlobalSection(ProjectConfigurationPlatforms) = postSolution
		{05491CF9-C056-44B3-BF54-488CD3D8C789}.Debug|Any CPU.ActiveCfg = Debug|Any CPU
		{05491CF9-C056-44B3-BF54-488CD3D8C789}.Debug|Any CPU.Build.0 = Debug|Any CPU
		{05491CF9-C056-44B3-BF54-488CD3D8C789}.Release|Any CPU.ActiveCfg = Release|Any CPU
		{05491CF9-C056-44B3-BF54-488CD3D8C789}.Release|Any CPU.Build.0 = Release|Any CPU
		{8A90C31C-EAE7-4E25-9895-C9EFEE51F57C}.Debug|Any CPU.ActiveCfg = Debug|Any CPU
		{8A90C31C-EAE7-4E25-9895-C9EFEE51F57C}.Debug|Any CPU.Build.0 = Debug|Any CPU
		{8A90C31C-EAE7-4E25-9895-C9EFEE51F57C}.Release|Any CPU.ActiveCfg = Release|Any CPU
		{8A90C31C-EAE7-4E25-9895-C9EFEE51F57C}.Release|Any CPU.Build.0 = Release|Any CPU
	EndGlobalSection
	GlobalSection(SolutionProperties) = preSolution
		HideSolutionNode = FALSE
	EndGlobalSection
	GlobalSection(NestedProjects) = preSolution
		{05491CF9-C056-44B3-BF54-488CD3D8C789} = {D817EDF8-4ABD-4C57-BFD8-CF3DF8C56C68}
		{8A90C31C-EAE7-4E25-9895-C9EFEE51F57C} = {19B3443A-F422-4EAD-8964-B4E20D9A823F}
	EndGlobalSection
EndGlobal
